<Solution>
  <Folder Name="/host/">
    <Project Path="host/Tasklet.AppHost.csproj" />
  </Folder>
  <Folder Name="/src/" />
  <Folder Name="/src/backend/">
    <Project Path="src/backend/runtime/Tasklet.Runtime.csproj" />
  </Folder>
  <Folder Name="/src/backend/core/">
    <Project Path="src/backend/core/Tasklet.Core.csproj" />
  </Folder>
  <Folder Name="/src/backend/runtime/" />
  <Folder Name="/src/backend/sqlite/">
    <Project Path="src/backend/sqlite/Tasklet.Sqlite.csproj" />
  </Folder>
  <Folder Name="/src/tests/">
    <Project Path="src/tests/Tasklet.Tests.csproj" />
  </Folder>
</Solution>
